
Microsoft Visual Studio Solution File, Format Version 12.00
# Visual Studio 15
VisualStudioVersion = 15.0.27130.2010
MinimumVisualStudioVersion = 10.0.40219.1
Project("{FAE04EC0-301F-11D3-BF4B-00C04F79EFBC}") = "VoiceAuth.Functions", "VoiceAuth.Functions\VoiceAuth.Functions.csproj", "{5911BCEE-A3E3-4362-A7B5-3181A33605B1}"
EndProject
Project("{151D2E53-A2C4-4D7D-83FE-D05416EBD58E}") = "VoiceAuth.Deploy", "VoiceAuth.Deploy\VoiceAuth.Deploy.deployproj", "{73B6A597-2F07-43B7-81A6-1214458B24D5}"
EndProject
Global
	GlobalSection(SolutionConfigurationPlatforms) = preSolution
		Debug|Any CPU = Debug|Any CPU
		Release|Any CPU = Release|Any CPU
	EndGlobalSection
	GlobalSection(ProjectConfigurationPlatforms) = postSolution
		{5911BCEE-A3E3-4362-A7B5-3181A33605B1}.Debug|Any CPU.ActiveCfg = Debug|Any CPU
		{5911BCEE-A3E3-4362-A7B5-3181A33605B1}.Debug|Any CPU.Build.0 = Debug|Any CPU
		{5911BCEE-A3E3-4362-A7B5-3181A33605B1}.Release|Any CPU.ActiveCfg = Release|Any CPU
		{5911BCEE-A3E3-4362-A7B5-3181A33605B1}.Release|Any CPU.Build.0 = Release|Any CPU
		{73B6A597-2F07-43B7-81A6-1214458B24D5}.Debug|Any CPU.ActiveCfg = Debug|Any CPU
		{73B6A597-2F07-43B7-81A6-1214458B24D5}.Debug|Any CPU.Build.0 = Debug|Any CPU
		{73B6A597-2F07-43B7-81A6-1214458B24D5}.Release|Any CPU.ActiveCfg = Release|Any CPU
		{73B6A597-2F07-43B7-81A6-1214458B24D5}.Release|Any CPU.Build.0 = Release|Any CPU
	EndGlobalSection
	GlobalSection(SolutionProperties) = preSolution
		HideSolutionNode = FALSE
	EndGlobalSection
	GlobalSection(ExtensibilityGlobals) = postSolution
		SolutionGuid = {168C85D9-0994-4EC0-B396-B59526DD9572}
	EndGlobalSection
EndGlobal
